
Microsoft Visual Studio Solution File, Format Version 12.00
# Visual Studio Version 16
VisualStudioVersion = 16.0.30804.86
MinimumVisualStudioVersion = 10.0.40219.1
Project("{FAE04EC0-301F-11D3-BF4B-00C04F79EFBC}") = "WiredBrainCoffee.ShopInfoTool", "WiredBrainCoffee.ShopInfoTool\WiredBrainCoffee.ShopInfoTool.csproj", "{70AA2273-C729-4989-94A4-DBBB3888CECC}"
EndProject
Global
	GlobalSection(SolutionConfigurationPlatforms) = preSolution
		Debug|Any CPU = Debug|Any CPU
		Release|Any CPU = Release|Any CPU
	EndGlobalSection
	GlobalSection(ProjectConfigurationPlatforms) = postSolution
		{70AA2273-C729-4989-94A4-DBBB3888CECC}.Debug|Any CPU.ActiveCfg = Debug|Any CPU
		{70AA2273-C729-4989-94A4-DBBB3888CECC}.Debug|Any CPU.Build.0 = Debug|Any CPU
		{70AA2273-C729-4989-94A4-DBBB3888CECC}.Release|Any CPU.ActiveCfg = Release|Any CPU
		{70AA2273-C729-4989-94A4-DBBB3888CECC}.Release|Any CPU.Build.0 = Release|Any CPU
	EndGlobalSection
	GlobalSection(SolutionProperties) = preSolution
		HideSolutionNode = FALSE
	EndGlobalSection
	GlobalSection(ExtensibilityGlobals) = postSolution
		SolutionGuid = {BA45E5CE-4F3A-496C-965C-BC93814C5948}
	EndGlobalSection
EndGlobal
